speakeasyVersion: 1.469.12
sources:
    amp-sdk-source:
        sourceNamespace: amp-sdk-source
        sourceRevisionDigest: sha256:ac12bbaeed0585dd42e0a9ea60404742caebee12c9db81da6d467ed42dc68662
        sourceBlobDigest: sha256:a718b902776b622821d1065f3484db5f78c2c538069343d5721acc86074c9b76
        tags:
            - latest
            - speakeasy-sdk-regen-1737470066
            - 1.0.0
targets:
    amp-sdk-ts:
        source: amp-sdk-source
        sourceNamespace: amp-sdk-source
        sourceRevisionDigest: sha256:ac12bbaeed0585dd42e0a9ea60404742caebee12c9db81da6d467ed42dc68662
        sourceBlobDigest: sha256:a718b902776b622821d1065f3484db5f78c2c538069343d5721acc86074c9b76
        codeSamplesNamespace: amp-sdk-source-typescript-code-samples
        codeSamplesRevisionDigest: sha256:33d830f7a148b727b609d16b6ec5b8484614883e0d889527cfde72570ac0f431
workflow:
    workflowVersion: 1.0.0
    speakeasyVersion: latest
    sources:
        amp-sdk-source:
            inputs:
                - location: https://raw.githubusercontent.com/amp-labs/openapi/refs/heads/main/api/generated/write.json
            overlays:
                - location: .speakeasy/speakeasy-modifications-overlay.yaml
            registry:
                location: registry.speakeasyapi.dev/ampersand/ts/amp-sdk-source
    targets:
        amp-sdk-ts:
            target: typescript
            source: amp-sdk-source
            codeSamples:
                registry:
                    location: registry.speakeasyapi.dev/ampersand/ts/amp-sdk-source-typescript-code-samples
                labelOverride:
                    fixedValue: Typescript (SDK)
                blocking: false
