speakeasyVersion: 1.493.0
sources:
    amp-sdk-source:
        sourceNamespace: amp-sdk-source
        sourceRevisionDigest: sha256:9416a1728076613e88e43325aa050ebd79c94b64ebf9f976731c77531f178163
        sourceBlobDigest: sha256:a130f7851dfffca167d97cc957d8757a77e71e38915b8f597b4d9e39860d33aa
        tags:
            - latest
            - 1.0.0
targets:
    amp-sdk-ts:
        source: amp-sdk-source
        sourceNamespace: amp-sdk-source
        sourceRevisionDigest: sha256:9416a1728076613e88e43325aa050ebd79c94b64ebf9f976731c77531f178163
        sourceBlobDigest: sha256:a130f7851dfffca167d97cc957d8757a77e71e38915b8f597b4d9e39860d33aa
        codeSamplesNamespace: amp-sdk-source-typescript-code-samples
        codeSamplesRevisionDigest: sha256:e9192dc3cf528bbef7c395f91705835979e955af8330b9c61a5f3464ac807904
workflow:
    workflowVersion: 1.0.0
    speakeasyVersion: latest
    sources:
        amp-sdk-source:
            inputs:
                - location: https://raw.githubusercontent.com/amp-labs/openapi/refs/heads/main/api/generated/write.json
                - location: https://raw.githubusercontent.com/amp-labs/openapi/refs/heads/main/api/generated/api.json
                - location: https://raw.githubusercontent.com/amp-labs/openapi/refs/heads/main/api/generated/read.json
            overlays:
                - location: .speakeasy/speakeasy-modifications-overlay.yaml
                - location: https://raw.githubusercontent.com/amp-labs/openapi/refs/heads/main/api/.speakeasy-overlay.yaml
            registry:
                location: registry.speakeasyapi.dev/ampersand/ts/amp-sdk-source
    targets:
        amp-sdk-ts:
            target: typescript
            source: amp-sdk-source
            publish:
                npm:
                    token: $npm_token
            codeSamples:
                registry:
                    location: registry.speakeasyapi.dev/ampersand/ts/amp-sdk-source-typescript-code-samples
                labelOverride:
                    fixedValue: Typescript (SDK)
                blocking: false
