speakeasyVersion: 1.493.0
sources:
    amp-sdk-source:
        sourceNamespace: amp-sdk-source
        sourceRevisionDigest: sha256:792d238175d56be3d6ed4c9014fdb007e52fc857e61f23d7c37502d61ee73989
        sourceBlobDigest: sha256:a130f7851dfffca167d97cc957d8757a77e71e38915b8f597b4d9e39860d33aa
        tags:
            - latest
            - speakeasy-sdk-regen-1739806347
            - 1.0.0
targets:
    amp-sdk-ts:
        source: amp-sdk-source
        sourceNamespace: amp-sdk-source
        sourceRevisionDigest: sha256:792d238175d56be3d6ed4c9014fdb007e52fc857e61f23d7c37502d61ee73989
        sourceBlobDigest: sha256:a130f7851dfffca167d97cc957d8757a77e71e38915b8f597b4d9e39860d33aa
        codeSamplesNamespace: amp-sdk-source-typescript-code-samples
        codeSamplesRevisionDigest: sha256:739bd0825e88d33ed5db0a6cf72aff1f84bdf67b4d4a6db5a0e7b0a04420883e
workflow:
    workflowVersion: 1.0.0
    speakeasyVersion: latest
    sources:
        amp-sdk-source:
            inputs:
                - location: https://raw.githubusercontent.com/amp-labs/openapi/refs/heads/main/api/generated/write.json
                - location: https://raw.githubusercontent.com/amp-labs/openapi/refs/heads/main/api/generated/api.json
                - location: https://raw.githubusercontent.com/amp-labs/openapi/refs/heads/main/api/generated/read.json
            overlays:
                - location: .speakeasy/speakeasy-modifications-overlay.yaml
                - location: https://raw.githubusercontent.com/amp-labs/openapi/refs/heads/main/api/.speakeasy-overlay.yaml
            registry:
                location: registry.speakeasyapi.dev/ampersand/ts/amp-sdk-source
    targets:
        amp-sdk-ts:
            target: typescript
            source: amp-sdk-source
            publish:
                npm:
                    token: $npm_token
            codeSamples:
                registry:
                    location: registry.speakeasyapi.dev/ampersand/ts/amp-sdk-source-typescript-code-samples
                labelOverride:
                    fixedValue: Typescript (SDK)
                blocking: false
